
Microsoft Visual Studio Solution File, Format Version 12.00
# Visual Studio Version 17
VisualStudioVersion = 17.7.34003.232
MinimumVisualStudioVersion = 10.0.40219.1
Project("{FAE04EC0-301F-11D3-BF4B-00C04F79EFBC}") = "Core", "Core\Core.csproj", "{F62C10DD-5C7D-4C7B-A795-FC8530EE0A6F}"
EndProject
Project("{FAE04EC0-301F-11D3-BF4B-00C04F79EFBC}") = "Business", "Business\Business.csproj", "{8E33203B-66EC-4C9C-8A1D-A9A2ABCA4CB2}"
EndProject
Project("{FAE04EC0-301F-11D3-BF4B-00C04F79EFBC}") = "DataAccess", "DataAccess\DataAccess.csproj", "{33389EB5-E25B-4FD8-9B30-0F2D08FA20DE}"
EndProject
Project("{FAE04EC0-301F-11D3-BF4B-00C04F79EFBC}") = "Entities", "Entities\Entities.csproj", "{D7C6CB57-4D13-4D01-BDD6-C3AC365043F3}"
EndProject
Project("{FAE04EC0-301F-11D3-BF4B-00C04F79EFBC}") = "WebApp", "WebApp\WebApp.csproj", "{FA510755-D2A6-421E-B7F2-FCCA1749A3E9}"
EndProject
Global
	GlobalSection(SolutionConfigurationPlatforms) = preSolution
		Debug|Any CPU = Debug|Any CPU
		Release|Any CPU = Release|Any CPU
	EndGlobalSection
	GlobalSection(ProjectConfigurationPlatforms) = postSolution
		{F62C10DD-5C7D-4C7B-A795-FC8530EE0A6F}.Debug|Any CPU.ActiveCfg = Debug|Any CPU
		{F62C10DD-5C7D-4C7B-A795-FC8530EE0A6F}.Debug|Any CPU.Build.0 = Debug|Any CPU
		{F62C10DD-5C7D-4C7B-A795-FC8530EE0A6F}.Release|Any CPU.ActiveCfg = Release|Any CPU
		{F62C10DD-5C7D-4C7B-A795-FC8530EE0A6F}.Release|Any CPU.Build.0 = Release|Any CPU
		{8E33203B-66EC-4C9C-8A1D-A9A2ABCA4CB2}.Debug|Any CPU.ActiveCfg = Debug|Any CPU
		{8E33203B-66EC-4C9C-8A1D-A9A2ABCA4CB2}.Debug|Any CPU.Build.0 = Debug|Any CPU
		{8E33203B-66EC-4C9C-8A1D-A9A2ABCA4CB2}.Release|Any CPU.ActiveCfg = Release|Any CPU
		{8E33203B-66EC-4C9C-8A1D-A9A2ABCA4CB2}.Release|Any CPU.Build.0 = Release|Any CPU
		{33389EB5-E25B-4FD8-9B30-0F2D08FA20DE}.Debug|Any CPU.ActiveCfg = Debug|Any CPU
		{33389EB5-E25B-4FD8-9B30-0F2D08FA20DE}.Debug|Any CPU.Build.0 = Debug|Any CPU
		{33389EB5-E25B-4FD8-9B30-0F2D08FA20DE}.Release|Any CPU.ActiveCfg = Release|Any CPU
		{33389EB5-E25B-4FD8-9B30-0F2D08FA20DE}.Release|Any CPU.Build.0 = Release|Any CPU
		{D7C6CB57-4D13-4D01-BDD6-C3AC365043F3}.Debug|Any CPU.ActiveCfg = Debug|Any CPU
		{D7C6CB57-4D13-4D01-BDD6-C3AC365043F3}.Debug|Any CPU.Build.0 = Debug|Any CPU
		{D7C6CB57-4D13-4D01-BDD6-C3AC365043F3}.Release|Any CPU.ActiveCfg = Release|Any CPU
		{D7C6CB57-4D13-4D01-BDD6-C3AC365043F3}.Release|Any CPU.Build.0 = Release|Any CPU
		{FA510755-D2A6-421E-B7F2-FCCA1749A3E9}.Debug|Any CPU.ActiveCfg = Debug|Any CPU
		{FA510755-D2A6-421E-B7F2-FCCA1749A3E9}.Debug|Any CPU.Build.0 = Debug|Any CPU
		{FA510755-D2A6-421E-B7F2-FCCA1749A3E9}.Release|Any CPU.ActiveCfg = Release|Any CPU
		{FA510755-D2A6-421E-B7F2-FCCA1749A3E9}.Release|Any CPU.Build.0 = Release|Any CPU
	EndGlobalSection
	GlobalSection(SolutionProperties) = preSolution
		HideSolutionNode = FALSE
	EndGlobalSection
	GlobalSection(ExtensibilityGlobals) = postSolution
		SolutionGuid = {4163CC3C-C2AE-41C8-99E6-A0A8E9201ACF}
	EndGlobalSection
EndGlobal
